
Microsoft Visual Studio Solution File, Format Version 12.00
# Visual Studio 15
VisualStudioVersion = 15.0.35213.121
MinimumVisualStudioVersion = 10.0.40219.1
Project("{FAE04EC0-301F-11D3-BF4B-00C04F79EFBC}") = "ArabaOyunu", "ArabaOyunu\ArabaOyunu.csproj", "{DF488683-83C2-4D95-8902-61B92F587EC1}"
EndProject
Global
	GlobalSection(SolutionConfigurationPlatforms) = preSolution
		Debug|Any CPU = Debug|Any CPU
		Release|Any CPU = Release|Any CPU
	EndGlobalSection
	GlobalSection(ProjectConfigurationPlatforms) = postSolution
		{DF488683-83C2-4D95-8902-61B92F587EC1}.Debug|Any CPU.ActiveCfg = Debug|Any CPU
		{DF488683-83C2-4D95-8902-61B92F587EC1}.Debug|Any CPU.Build.0 = Debug|Any CPU
		{DF488683-83C2-4D95-8902-61B92F587EC1}.Release|Any CPU.ActiveCfg = Release|Any CPU
		{DF488683-83C2-4D95-8902-61B92F587EC1}.Release|Any CPU.Build.0 = Release|Any CPU
	EndGlobalSection
	GlobalSection(SolutionProperties) = preSolution
		HideSolutionNode = FALSE
	EndGlobalSection
	GlobalSection(ExtensibilityGlobals) = postSolution
		SolutionGuid = {2F6C1FE3-7E49-4EB0-BBD1-DD74A7083BA7}
	EndGlobalSection
EndGlobal
